
Microsoft Visual Studio Solution File, Format Version 12.00
# Visual Studio Version 16
VisualStudioVersion = 16.0.30621.155
MinimumVisualStudioVersion = 10.0.40219.1
Project("{FAE04EC0-301F-11D3-BF4B-00C04F79EFBC}") = "ConsoleAppJson", "ConsoleAppJson\ConsoleAppJson.csproj", "{94F84AE4-BA9E-42AB-84C4-8D196E50E36D}"
EndProject
Global
	GlobalSection(SolutionConfigurationPlatforms) = preSolution
		Debug|Any CPU = Debug|Any CPU
		Release|Any CPU = Release|Any CPU
	EndGlobalSection
	GlobalSection(ProjectConfigurationPlatforms) = postSolution
		{94F84AE4-BA9E-42AB-84C4-8D196E50E36D}.Debug|Any CPU.ActiveCfg = Debug|Any CPU
		{94F84AE4-BA9E-42AB-84C4-8D196E50E36D}.Debug|Any CPU.Build.0 = Debug|Any CPU
		{94F84AE4-BA9E-42AB-84C4-8D196E50E36D}.Release|Any CPU.ActiveCfg = Release|Any CPU
		{94F84AE4-BA9E-42AB-84C4-8D196E50E36D}.Release|Any CPU.Build.0 = Release|Any CPU
	EndGlobalSection
	GlobalSection(SolutionProperties) = preSolution
		HideSolutionNode = FALSE
	EndGlobalSection
	GlobalSection(ExtensibilityGlobals) = postSolution
		SolutionGuid = {8397B87E-D866-459A-9595-A94DDDF1650F}
	EndGlobalSection
EndGlobal
